
Microsoft Visual Studio Solution File, Format Version 12.00
# Visual Studio 15
VisualStudioVersion = 15.0.27703.2047
MinimumVisualStudioVersion = 10.0.40219.1
Project("{FAE04EC0-301F-11D3-BF4B-00C04F79EFBC}") = "Twitter", "Twitter\Twitter.csproj", "{BF07131B-2367-41E5-BA9F-180F719A37C6}"
EndProject
Global
	GlobalSection(SolutionConfigurationPlatforms) = preSolution
		Debug|Any CPU = Debug|Any CPU
		Release|Any CPU = Release|Any CPU
	EndGlobalSection
	GlobalSection(ProjectConfigurationPlatforms) = postSolution
		{BF07131B-2367-41E5-BA9F-180F719A37C6}.Debug|Any CPU.ActiveCfg = Debug|Any CPU
		{BF07131B-2367-41E5-BA9F-180F719A37C6}.Debug|Any CPU.Build.0 = Debug|Any CPU
		{BF07131B-2367-41E5-BA9F-180F719A37C6}.Release|Any CPU.ActiveCfg = Release|Any CPU
		{BF07131B-2367-41E5-BA9F-180F719A37C6}.Release|Any CPU.Build.0 = Release|Any CPU
	EndGlobalSection
	GlobalSection(SolutionProperties) = preSolution
		HideSolutionNode = FALSE
	EndGlobalSection
	GlobalSection(ExtensibilityGlobals) = postSolution
		SolutionGuid = {011E4B9B-F881-408E-A4EB-7A72DF2803B6}
	EndGlobalSection
EndGlobal
