
Microsoft Visual Studio Solution File, Format Version 12.00
# Visual Studio 15
VisualStudioVersion = 15.0.27703.2047
MinimumVisualStudioVersion = 10.0.40219.1
Project("{FAE04EC0-301F-11D3-BF4B-00C04F79EFBC}") = "StudentNewsSite", "StudentNewsSite\StudentNewsSite.csproj", "{99653CE7-D82C-4EE6-A61F-10077A54C14D}"
EndProject
Project("{FAE04EC0-301F-11D3-BF4B-00C04F79EFBC}") = "StudentNewsSite.Data", "StudentNewsSite.DAL\StudentNewsSite.Data.csproj", "{16D20C1C-F3F6-4A86-BADC-FE5352A71CD9}"
EndProject
Project("{FAE04EC0-301F-11D3-BF4B-00C04F79EFBC}") = "StudentNewsSite.Domain", "StudentNewsSite.BLL\StudentNewsSite.Domain.csproj", "{246EF319-D5BB-44BB-B50A-455A5FA00B9A}"
EndProject
Global
	GlobalSection(SolutionConfigurationPlatforms) = preSolution
		Debug|Any CPU = Debug|Any CPU
		Release|Any CPU = Release|Any CPU
	EndGlobalSection
	GlobalSection(ProjectConfigurationPlatforms) = postSolution
		{99653CE7-D82C-4EE6-A61F-10077A54C14D}.Debug|Any CPU.ActiveCfg = Debug|Any CPU
		{99653CE7-D82C-4EE6-A61F-10077A54C14D}.Debug|Any CPU.Build.0 = Debug|Any CPU
		{99653CE7-D82C-4EE6-A61F-10077A54C14D}.Release|Any CPU.ActiveCfg = Release|Any CPU
		{99653CE7-D82C-4EE6-A61F-10077A54C14D}.Release|Any CPU.Build.0 = Release|Any CPU
		{16D20C1C-F3F6-4A86-BADC-FE5352A71CD9}.Debug|Any CPU.ActiveCfg = Debug|Any CPU
		{16D20C1C-F3F6-4A86-BADC-FE5352A71CD9}.Debug|Any CPU.Build.0 = Debug|Any CPU
		{16D20C1C-F3F6-4A86-BADC-FE5352A71CD9}.Release|Any CPU.ActiveCfg = Release|Any CPU
		{16D20C1C-F3F6-4A86-BADC-FE5352A71CD9}.Release|Any CPU.Build.0 = Release|Any CPU
		{246EF319-D5BB-44BB-B50A-455A5FA00B9A}.Debug|Any CPU.ActiveCfg = Debug|Any CPU
		{246EF319-D5BB-44BB-B50A-455A5FA00B9A}.Debug|Any CPU.Build.0 = Debug|Any CPU
		{246EF319-D5BB-44BB-B50A-455A5FA00B9A}.Release|Any CPU.ActiveCfg = Release|Any CPU
		{246EF319-D5BB-44BB-B50A-455A5FA00B9A}.Release|Any CPU.Build.0 = Release|Any CPU
	EndGlobalSection
	GlobalSection(SolutionProperties) = preSolution
		HideSolutionNode = FALSE
	EndGlobalSection
	GlobalSection(ExtensibilityGlobals) = postSolution
		SolutionGuid = {61BFCC08-04B9-4976-809D-502357670E86}
	EndGlobalSection
EndGlobal
