
Microsoft Visual Studio Solution File, Format Version 12.00
# Visual Studio 15
VisualStudioVersion = 15.0.28307.136
MinimumVisualStudioVersion = 10.0.40219.1
Project("{FAE04EC0-301F-11D3-BF4B-00C04F79EFBC}") = "JWT", "JWT\JWT.csproj", "{34BEC571-2EDC-4B6D-A3ED-29CB743B83D0}"
EndProject
Global
	GlobalSection(SolutionConfigurationPlatforms) = preSolution
		Debug|Any CPU = Debug|Any CPU
		Release|Any CPU = Release|Any CPU
	EndGlobalSection
	GlobalSection(ProjectConfigurationPlatforms) = postSolution
		{34BEC571-2EDC-4B6D-A3ED-29CB743B83D0}.Debug|Any CPU.ActiveCfg = Debug|Any CPU
		{34BEC571-2EDC-4B6D-A3ED-29CB743B83D0}.Debug|Any CPU.Build.0 = Debug|Any CPU
		{34BEC571-2EDC-4B6D-A3ED-29CB743B83D0}.Release|Any CPU.ActiveCfg = Release|Any CPU
		{34BEC571-2EDC-4B6D-A3ED-29CB743B83D0}.Release|Any CPU.Build.0 = Release|Any CPU
	EndGlobalSection
	GlobalSection(SolutionProperties) = preSolution
		HideSolutionNode = FALSE
	EndGlobalSection
	GlobalSection(ExtensibilityGlobals) = postSolution
		SolutionGuid = {BF808CFD-9E77-4035-9C33-CC9D47A71DED}
	EndGlobalSection
EndGlobal
